
Microsoft Visual Studio Solution File, Format Version 12.00
# Visual Studio 14
VisualStudioVersion = 14.0.24720.0
MinimumVisualStudioVersion = 10.0.40219.1
Project("{8BC9CEB8-8B4A-11D0-8D11-00A0C91BC942}") = "Parser", "Parser\Parser.vcxproj", "{77BE9964-7862-4D05-AFF0-B42718AAE386}"
	ProjectSection(ProjectDependencies) = postProject
		{FD63AD3D-4A25-4F5C-BD43-1E19192357F2} = {FD63AD3D-4A25-4F5C-BD43-1E19192357F2}
		{C1131546-C8AE-4A24-A866-4A28DFDB72B9} = {C1131546-C8AE-4A24-A866-4A28DFDB72B9}
		{0AE7CD6E-0797-422E-8DB9-407E517624A5} = {0AE7CD6E-0797-422E-8DB9-407E517624A5}
	EndProjectSection
EndProject
Project("{8BC9CEB8-8B4A-11D0-8D11-00A0C91BC942}") = "ScopeStack", "ScopeStack\ScopeStack.vcxproj", "{0AE7CD6E-0797-422E-8DB9-407E517624A5}"
EndProject
Project("{8BC9CEB8-8B4A-11D0-8D11-00A0C91BC942}") = "Tokenizer", "Tokenizer\Tokenizer.vcxproj", "{FD63AD3D-4A25-4F5C-BD43-1E19192357F2}"
EndProject
Project("{8BC9CEB8-8B4A-11D0-8D11-00A0C91BC942}") = "SemiExp", "SemiExp\SemiExp.vcxproj", "{C1131546-C8AE-4A24-A866-4A28DFDB72B9}"
EndProject
Project("{8BC9CEB8-8B4A-11D0-8D11-00A0C91BC942}") = "AST", "AST\AST.vcxproj", "{5CF1274A-96E2-469F-915F-C1649BDB9355}"
EndProject
Project("{8BC9CEB8-8B4A-11D0-8D11-00A0C91BC942}") = "DataStore", "DataStore\DataStore.vcxproj", "{5AA5E8F4-3DE8-4220-B212-60E5B0C29FCE}"
EndProject
Project("{8BC9CEB8-8B4A-11D0-8D11-00A0C91BC942}") = "FileMgr", "FileMngr\FileMngr.vcxproj", "{3D308C62-5F51-4620-8413-AAD40633BAD7}"
EndProject
Project("{8BC9CEB8-8B4A-11D0-8D11-00A0C91BC942}") = "MetricAnalysis", "MetricAnalysis\MetricAnalysis.vcxproj", "{24F67BD5-CF50-44AC-9065-50DA2CF7BEBD}"
EndProject
Project("{8BC9CEB8-8B4A-11D0-8D11-00A0C91BC942}") = "MetricTestExecutive", "MetricTestExecutive\MetricTestExecutive.vcxproj", "{1E568452-ABE2-4794-BF50-4536876B67F2}"
EndProject
Project("{8BC9CEB8-8B4A-11D0-8D11-00A0C91BC942}") = "Threadpool", "Threadpool\Threadpool.vcxproj", "{DC29202B-EE3D-4890-9840-BB028B529EDC}"
EndProject
Project("{8BC9CEB8-8B4A-11D0-8D11-00A0C91BC942}") = "ParallelDependencyExecutive", "ParallelDependencyExecutive\ParallelDependencyExecutive.vcxproj", "{EA092EFE-02F3-47ED-938B-F5F2FC87A011}"
EndProject
Project("{8BC9CEB8-8B4A-11D0-8D11-00A0C91BC942}") = "DependencyAnalysis", "DependencyAnalysis\DependencyAnalysis.vcxproj", "{720ECE85-FE69-4170-8F48-34526CD05C14}"
EndProject
Project("{8BC9CEB8-8B4A-11D0-8D11-00A0C91BC942}") = "Tasks", "Tasks\Tasks.vcxproj", "{3C21B9A7-8317-4078-B97C-5D7F57144377}"
EndProject
Global
	GlobalSection(SolutionConfigurationPlatforms) = preSolution
		Debug|x64 = Debug|x64
		Debug|x86 = Debug|x86
		Release|x64 = Release|x64
		Release|x86 = Release|x86
	EndGlobalSection
	GlobalSection(ProjectConfigurationPlatforms) = postSolution
		{77BE9964-7862-4D05-AFF0-B42718AAE386}.Debug|x64.ActiveCfg = Debug|x64
		{77BE9964-7862-4D05-AFF0-B42718AAE386}.Debug|x64.Build.0 = Debug|x64
		{77BE9964-7862-4D05-AFF0-B42718AAE386}.Debug|x86.ActiveCfg = Debug|Win32
		{77BE9964-7862-4D05-AFF0-B42718AAE386}.Debug|x86.Build.0 = Debug|Win32
		{77BE9964-7862-4D05-AFF0-B42718AAE386}.Release|x64.ActiveCfg = Release|x64
		{77BE9964-7862-4D05-AFF0-B42718AAE386}.Release|x64.Build.0 = Release|x64
		{77BE9964-7862-4D05-AFF0-B42718AAE386}.Release|x86.ActiveCfg = Release|Win32
		{77BE9964-7862-4D05-AFF0-B42718AAE386}.Release|x86.Build.0 = Release|Win32
		{0AE7CD6E-0797-422E-8DB9-407E517624A5}.Debug|x64.ActiveCfg = Debug|x64
		{0AE7CD6E-0797-422E-8DB9-407E517624A5}.Debug|x64.Build.0 = Debug|x64
		{0AE7CD6E-0797-422E-8DB9-407E517624A5}.Debug|x86.ActiveCfg = Debug|Win32
		{0AE7CD6E-0797-422E-8DB9-407E517624A5}.Debug|x86.Build.0 = Debug|Win32
		{0AE7CD6E-0797-422E-8DB9-407E517624A5}.Release|x64.ActiveCfg = Release|x64
		{0AE7CD6E-0797-422E-8DB9-407E517624A5}.Release|x64.Build.0 = Release|x64
		{0AE7CD6E-0797-422E-8DB9-407E517624A5}.Release|x86.ActiveCfg = Release|Win32
		{0AE7CD6E-0797-422E-8DB9-407E517624A5}.Release|x86.Build.0 = Release|Win32
		{FD63AD3D-4A25-4F5C-BD43-1E19192357F2}.Debug|x64.ActiveCfg = Debug|Win32
		{FD63AD3D-4A25-4F5C-BD43-1E19192357F2}.Debug|x64.Build.0 = Debug|Win32
		{FD63AD3D-4A25-4F5C-BD43-1E19192357F2}.Debug|x86.ActiveCfg = Debug|Win32
		{FD63AD3D-4A25-4F5C-BD43-1E19192357F2}.Debug|x86.Build.0 = Debug|Win32
		{FD63AD3D-4A25-4F5C-BD43-1E19192357F2}.Release|x64.ActiveCfg = Release|Win32
		{FD63AD3D-4A25-4F5C-BD43-1E19192357F2}.Release|x86.ActiveCfg = Release|Win32
		{FD63AD3D-4A25-4F5C-BD43-1E19192357F2}.Release|x86.Build.0 = Release|Win32
		{C1131546-C8AE-4A24-A866-4A28DFDB72B9}.Debug|x64.ActiveCfg = Debug|x64
		{C1131546-C8AE-4A24-A866-4A28DFDB72B9}.Debug|x64.Build.0 = Debug|x64
		{C1131546-C8AE-4A24-A866-4A28DFDB72B9}.Debug|x86.ActiveCfg = Debug|Win32
		{C1131546-C8AE-4A24-A866-4A28DFDB72B9}.Debug|x86.Build.0 = Debug|Win32
		{C1131546-C8AE-4A24-A866-4A28DFDB72B9}.Release|x64.ActiveCfg = Release|x64
		{C1131546-C8AE-4A24-A866-4A28DFDB72B9}.Release|x64.Build.0 = Release|x64
		{C1131546-C8AE-4A24-A866-4A28DFDB72B9}.Release|x86.ActiveCfg = Release|Win32
		{C1131546-C8AE-4A24-A866-4A28DFDB72B9}.Release|x86.Build.0 = Release|Win32
		{5CF1274A-96E2-469F-915F-C1649BDB9355}.Debug|x64.ActiveCfg = Debug|x64
		{5CF1274A-96E2-469F-915F-C1649BDB9355}.Debug|x64.Build.0 = Debug|x64
		{5CF1274A-96E2-469F-915F-C1649BDB9355}.Debug|x86.ActiveCfg = Debug|Win32
		{5CF1274A-96E2-469F-915F-C1649BDB9355}.Debug|x86.Build.0 = Debug|Win32
		{5CF1274A-96E2-469F-915F-C1649BDB9355}.Release|x64.ActiveCfg = Release|x64
		{5CF1274A-96E2-469F-915F-C1649BDB9355}.Release|x64.Build.0 = Release|x64
		{5CF1274A-96E2-469F-915F-C1649BDB9355}.Release|x86.ActiveCfg = Release|Win32
		{5CF1274A-96E2-469F-915F-C1649BDB9355}.Release|x86.Build.0 = Release|Win32
		{5AA5E8F4-3DE8-4220-B212-60E5B0C29FCE}.Debug|x64.ActiveCfg = Debug|x64
		{5AA5E8F4-3DE8-4220-B212-60E5B0C29FCE}.Debug|x64.Build.0 = Debug|x64
		{5AA5E8F4-3DE8-4220-B212-60E5B0C29FCE}.Debug|x86.ActiveCfg = Debug|Win32
		{5AA5E8F4-3DE8-4220-B212-60E5B0C29FCE}.Debug|x86.Build.0 = Debug|Win32
		{5AA5E8F4-3DE8-4220-B212-60E5B0C29FCE}.Release|x64.ActiveCfg = Release|x64
		{5AA5E8F4-3DE8-4220-B212-60E5B0C29FCE}.Release|x64.Build.0 = Release|x64
		{5AA5E8F4-3DE8-4220-B212-60E5B0C29FCE}.Release|x86.ActiveCfg = Release|Win32
		{5AA5E8F4-3DE8-4220-B212-60E5B0C29FCE}.Release|x86.Build.0 = Release|Win32
		{3D308C62-5F51-4620-8413-AAD40633BAD7}.Debug|x64.ActiveCfg = Debug|x64
		{3D308C62-5F51-4620-8413-AAD40633BAD7}.Debug|x64.Build.0 = Debug|x64
		{3D308C62-5F51-4620-8413-AAD40633BAD7}.Debug|x86.ActiveCfg = Debug|Win32
		{3D308C62-5F51-4620-8413-AAD40633BAD7}.Debug|x86.Build.0 = Debug|Win32
		{3D308C62-5F51-4620-8413-AAD40633BAD7}.Release|x64.ActiveCfg = Release|x64
		{3D308C62-5F51-4620-8413-AAD40633BAD7}.Release|x64.Build.0 = Release|x64
		{3D308C62-5F51-4620-8413-AAD40633BAD7}.Release|x86.ActiveCfg = Release|Win32
		{3D308C62-5F51-4620-8413-AAD40633BAD7}.Release|x86.Build.0 = Release|Win32
		{24F67BD5-CF50-44AC-9065-50DA2CF7BEBD}.Debug|x64.ActiveCfg = Debug|x64
		{24F67BD5-CF50-44AC-9065-50DA2CF7BEBD}.Debug|x64.Build.0 = Debug|x64
		{24F67BD5-CF50-44AC-9065-50DA2CF7BEBD}.Debug|x86.ActiveCfg = Debug|Win32
		{24F67BD5-CF50-44AC-9065-50DA2CF7BEBD}.Debug|x86.Build.0 = Debug|Win32
		{24F67BD5-CF50-44AC-9065-50DA2CF7BEBD}.Release|x64.ActiveCfg = Release|x64
		{24F67BD5-CF50-44AC-9065-50DA2CF7BEBD}.Release|x64.Build.0 = Release|x64
		{24F67BD5-CF50-44AC-9065-50DA2CF7BEBD}.Release|x86.ActiveCfg = Release|Win32
		{24F67BD5-CF50-44AC-9065-50DA2CF7BEBD}.Release|x86.Build.0 = Release|Win32
		{1E568452-ABE2-4794-BF50-4536876B67F2}.Debug|x64.ActiveCfg = Debug|x64
		{1E568452-ABE2-4794-BF50-4536876B67F2}.Debug|x64.Build.0 = Debug|x64
		{1E568452-ABE2-4794-BF50-4536876B67F2}.Debug|x86.ActiveCfg = Debug|Win32
		{1E568452-ABE2-4794-BF50-4536876B67F2}.Debug|x86.Build.0 = Debug|Win32
		{1E568452-ABE2-4794-BF50-4536876B67F2}.Release|x64.ActiveCfg = Release|x64
		{1E568452-ABE2-4794-BF50-4536876B67F2}.Release|x64.Build.0 = Release|x64
		{1E568452-ABE2-4794-BF50-4536876B67F2}.Release|x86.ActiveCfg = Release|Win32
		{1E568452-ABE2-4794-BF50-4536876B67F2}.Release|x86.Build.0 = Release|Win32
		{DC29202B-EE3D-4890-9840-BB028B529EDC}.Debug|x64.ActiveCfg = Debug|x64
		{DC29202B-EE3D-4890-9840-BB028B529EDC}.Debug|x64.Build.0 = Debug|x64
		{DC29202B-EE3D-4890-9840-BB028B529EDC}.Debug|x86.ActiveCfg = Debug|Win32
		{DC29202B-EE3D-4890-9840-BB028B529EDC}.Debug|x86.Build.0 = Debug|Win32
		{DC29202B-EE3D-4890-9840-BB028B529EDC}.Release|x64.ActiveCfg = Release|x64
		{DC29202B-EE3D-4890-9840-BB028B529EDC}.Release|x64.Build.0 = Release|x64
		{DC29202B-EE3D-4890-9840-BB028B529EDC}.Release|x86.ActiveCfg = Release|Win32
		{DC29202B-EE3D-4890-9840-BB028B529EDC}.Release|x86.Build.0 = Release|Win32
		{EA092EFE-02F3-47ED-938B-F5F2FC87A011}.Debug|x64.ActiveCfg = Debug|x64
		{EA092EFE-02F3-47ED-938B-F5F2FC87A011}.Debug|x64.Build.0 = Debug|x64
		{EA092EFE-02F3-47ED-938B-F5F2FC87A011}.Debug|x86.ActiveCfg = Debug|Win32
		{EA092EFE-02F3-47ED-938B-F5F2FC87A011}.Debug|x86.Build.0 = Debug|Win32
		{EA092EFE-02F3-47ED-938B-F5F2FC87A011}.Release|x64.ActiveCfg = Release|x64
		{EA092EFE-02F3-47ED-938B-F5F2FC87A011}.Release|x64.Build.0 = Release|x64
		{EA092EFE-02F3-47ED-938B-F5F2FC87A011}.Release|x86.ActiveCfg = Release|Win32
		{EA092EFE-02F3-47ED-938B-F5F2FC87A011}.Release|x86.Build.0 = Release|Win32
		{720ECE85-FE69-4170-8F48-34526CD05C14}.Debug|x64.ActiveCfg = Debug|x64
		{720ECE85-FE69-4170-8F48-34526CD05C14}.Debug|x64.Build.0 = Debug|x64
		{720ECE85-FE69-4170-8F48-34526CD05C14}.Debug|x86.ActiveCfg = Debug|Win32
		{720ECE85-FE69-4170-8F48-34526CD05C14}.Debug|x86.Build.0 = Debug|Win32
		{720ECE85-FE69-4170-8F48-34526CD05C14}.Release|x64.ActiveCfg = Release|x64
		{720ECE85-FE69-4170-8F48-34526CD05C14}.Release|x64.Build.0 = Release|x64
		{720ECE85-FE69-4170-8F48-34526CD05C14}.Release|x86.ActiveCfg = Release|Win32
		{720ECE85-FE69-4170-8F48-34526CD05C14}.Release|x86.Build.0 = Release|Win32
		{3C21B9A7-8317-4078-B97C-5D7F57144377}.Debug|x64.ActiveCfg = Debug|x64
		{3C21B9A7-8317-4078-B97C-5D7F57144377}.Debug|x64.Build.0 = Debug|x64
		{3C21B9A7-8317-4078-B97C-5D7F57144377}.Debug|x86.ActiveCfg = Debug|Win32
		{3C21B9A7-8317-4078-B97C-5D7F57144377}.Debug|x86.Build.0 = Debug|Win32
		{3C21B9A7-8317-4078-B97C-5D7F57144377}.Release|x64.ActiveCfg = Release|x64
		{3C21B9A7-8317-4078-B97C-5D7F57144377}.Release|x64.Build.0 = Release|x64
		{3C21B9A7-8317-4078-B97C-5D7F57144377}.Release|x86.ActiveCfg = Release|Win32
		{3C21B9A7-8317-4078-B97C-5D7F57144377}.Release|x86.Build.0 = Release|Win32
	EndGlobalSection
	GlobalSection(SolutionProperties) = preSolution
		HideSolutionNode = FALSE
	EndGlobalSection
EndGlobal
